
Microsoft Visual Studio Solution File, Format Version 12.00
# Visual Studio Version 16
VisualStudioVersion = 16.0.31702.278
MinimumVisualStudioVersion = 10.0.40219.1
Project("{FAE04EC0-301F-11D3-BF4B-00C04F79EFBC}") = "OMDB_API", "OMDB_API\OMDB_API.csproj", "{F2E00872-4C54-423B-BDD4-7A09BB752358}"
EndProject
Global
	GlobalSection(SolutionConfigurationPlatforms) = preSolution
		Debug|Any CPU = Debug|Any CPU
		Release|Any CPU = Release|Any CPU
	EndGlobalSection
	GlobalSection(ProjectConfigurationPlatforms) = postSolution
		{F2E00872-4C54-423B-BDD4-7A09BB752358}.Debug|Any CPU.ActiveCfg = Debug|Any CPU
		{F2E00872-4C54-423B-BDD4-7A09BB752358}.Debug|Any CPU.Build.0 = Debug|Any CPU
		{F2E00872-4C54-423B-BDD4-7A09BB752358}.Release|Any CPU.ActiveCfg = Release|Any CPU
		{F2E00872-4C54-423B-BDD4-7A09BB752358}.Release|Any CPU.Build.0 = Release|Any CPU
	EndGlobalSection
	GlobalSection(SolutionProperties) = preSolution
		HideSolutionNode = FALSE
	EndGlobalSection
	GlobalSection(ExtensibilityGlobals) = postSolution
		SolutionGuid = {7FB0FA6B-F5E6-4054-A9B5-3A2D584C1616}
	EndGlobalSection
EndGlobal
